
Microsoft Visual Studio Solution File, Format Version 12.00
# Visual Studio 15
VisualStudioVersion = 15.0.27703.2035
MinimumVisualStudioVersion = 10.0.40219.1
Project("{FAE04EC0-301F-11D3-BF4B-00C04F79EFBC}") = "Experiments", "Experiments\Experiments.csproj", "{4E628A35-6475-4280-80F4-91E7E32FCBDD}"
EndProject
Project("{FAE04EC0-301F-11D3-BF4B-00C04F79EFBC}") = "ExperimentsLib", "ExperimentsLib\ExperimentsLib.csproj", "{A0F09E32-A59E-440F-83F8-7056A1B5D7B8}"
EndProject
Project("{FAE04EC0-301F-11D3-BF4B-00C04F79EFBC}") = "Experiments.Tests", "Experiments.Tests\Experiments.Tests.csproj", "{EAC8FADF-F204-4A9A-A0C4-DAA89B0DBE43}"
EndProject
Global
	GlobalSection(SolutionConfigurationPlatforms) = preSolution
		Debug|Any CPU = Debug|Any CPU
		Release|Any CPU = Release|Any CPU
	EndGlobalSection
	GlobalSection(ProjectConfigurationPlatforms) = postSolution
		{4E628A35-6475-4280-80F4-91E7E32FCBDD}.Debug|Any CPU.ActiveCfg = Debug|Any CPU
		{4E628A35-6475-4280-80F4-91E7E32FCBDD}.Debug|Any CPU.Build.0 = Debug|Any CPU
		{4E628A35-6475-4280-80F4-91E7E32FCBDD}.Release|Any CPU.ActiveCfg = Release|Any CPU
		{4E628A35-6475-4280-80F4-91E7E32FCBDD}.Release|Any CPU.Build.0 = Release|Any CPU
		{A0F09E32-A59E-440F-83F8-7056A1B5D7B8}.Debug|Any CPU.ActiveCfg = Debug|Any CPU
		{A0F09E32-A59E-440F-83F8-7056A1B5D7B8}.Debug|Any CPU.Build.0 = Debug|Any CPU
		{A0F09E32-A59E-440F-83F8-7056A1B5D7B8}.Release|Any CPU.ActiveCfg = Release|Any CPU
		{A0F09E32-A59E-440F-83F8-7056A1B5D7B8}.Release|Any CPU.Build.0 = Release|Any CPU
		{EAC8FADF-F204-4A9A-A0C4-DAA89B0DBE43}.Debug|Any CPU.ActiveCfg = Debug|Any CPU
		{EAC8FADF-F204-4A9A-A0C4-DAA89B0DBE43}.Debug|Any CPU.Build.0 = Debug|Any CPU
		{EAC8FADF-F204-4A9A-A0C4-DAA89B0DBE43}.Release|Any CPU.ActiveCfg = Release|Any CPU
		{EAC8FADF-F204-4A9A-A0C4-DAA89B0DBE43}.Release|Any CPU.Build.0 = Release|Any CPU
	EndGlobalSection
	GlobalSection(SolutionProperties) = preSolution
		HideSolutionNode = FALSE
	EndGlobalSection
	GlobalSection(ExtensibilityGlobals) = postSolution
		SolutionGuid = {383E7F81-9A1F-4927-ADD8-2ECECFE8BC92}
	EndGlobalSection
EndGlobal
